
Microsoft Visual Studio Solution File, Format Version 12.00
# Visual Studio Version 17
VisualStudioVersion = 17.12.35521.163
MinimumVisualStudioVersion = 10.0.40219.1
Project("{2150E333-8FDC-42A3-9474-1A3956D46DE8}") = "Controlador", "Controlador", "{2538ED9B-77DC-42C4-A8E8-DC1F4B7DEF69}"
EndProject
Project("{2150E333-8FDC-42A3-9474-1A3956D46DE8}") = "Vista", "Vista", "{F72A4841-B4B6-4E72-BAD1-AED8FCC0F676}"
EndProject
Project("{2150E333-8FDC-42A3-9474-1A3956D46DE8}") = "Modelo", "Modelo", "{6DB1FE94-7AEA-4302-A0DB-CDCA4363585D}"
EndProject
Project("{FAE04EC0-301F-11D3-BF4B-00C04F79EFBC}") = "Login", "Login\Login.csproj", "{CF4BA324-CB9F-4241-BDA4-C1FF782D7768}"
EndProject
Project("{FAE04EC0-301F-11D3-BF4B-00C04F79EFBC}") = "Menu", "Menu\Menu.csproj", "{1C18DE88-B7FE-4C62-9F62-854A1C1B37BF}"
EndProject
Project("{FAE04EC0-301F-11D3-BF4B-00C04F79EFBC}") = "Factura", "Factura\Factura.csproj", "{93FEB069-527E-4C3A-BCC2-23FFC64C1A50}"
EndProject
Project("{FAE04EC0-301F-11D3-BF4B-00C04F79EFBC}") = "Formulario Pago", "Formulario Pago\Formulario Pago.csproj", "{BA9C9779-9AAF-426D-8C2F-4EAF7EC6DEB0}"
EndProject
Project("{FAE04EC0-301F-11D3-BF4B-00C04F79EFBC}") = "Amortizacion", "Amortizacion\Amortizacion.csproj", "{15DD8911-5ED0-4026-A588-CFBB528E7316}"
EndProject
Project("{FAE04EC0-301F-11D3-BF4B-00C04F79EFBC}") = "Registro", "Registro\Registro.csproj", "{ECEB8232-7B16-4633-A542-1A69AA9B4373}"
EndProject
Project("{2150E333-8FDC-42A3-9474-1A3956D46DE8}") = "Entidades", "Entidades", "{7DF2BF43-D677-4EF1-A42C-9547A797E091}"
EndProject
Project("{FAE04EC0-301F-11D3-BF4B-00C04F79EFBC}") = "Controlador", "ClassLibrary1\Controlador.csproj", "{6EA1509B-E4D2-4BDC-915D-79F6BDE4C7BA}"
EndProject
Project("{FAE04EC0-301F-11D3-BF4B-00C04F79EFBC}") = "Entidades", "ClassLibrary2\Entidades.csproj", "{63B34E30-504C-4385-BB2C-B19BD79EBB84}"
EndProject
Project("{FAE04EC0-301F-11D3-BF4B-00C04F79EFBC}") = "Modelo", "Modelo\Modelo.csproj", "{9816BAF1-D793-4A25-9E3A-E4753CA7E796}"
EndProject
Project("{FAE04EC0-301F-11D3-BF4B-00C04F79EFBC}") = "ReporteDatosClient", "ReporteDatosClient\ReporteDatosClient.csproj", "{4EA3F7CB-4074-4D8F-B80F-6B2B942A09B6}"
EndProject
Project("{FAE04EC0-301F-11D3-BF4B-00C04F79EFBC}") = "APrestamoSimple", "APrestamoSimple\APrestamoSimple.csproj", "{59674389-2D00-4740-A679-08AF4D8CD79B}"
EndProject
Project("{FAE04EC0-301F-11D3-BF4B-00C04F79EFBC}") = "GananciaxInteres", "GananciaxInteres\GananciaxInteres.csproj", "{F82419C8-7DB1-4274-8AD5-F2FDBD17C784}"
EndProject
Project("{FAE04EC0-301F-11D3-BF4B-00C04F79EFBC}") = "ReporteCMorosos", "ReporteCMorosos\ReporteCMorosos.csproj", "{36BB5271-454B-4595-B99C-3665E03DC993}"
EndProject
Project("{FAE04EC0-301F-11D3-BF4B-00C04F79EFBC}") = "MorasXClientes", "MorasXClientes\MorasXClientes.csproj", "{1DD00430-79A6-4ABD-849E-8F2719C5CB80}"
EndProject
Global
	GlobalSection(SolutionConfigurationPlatforms) = preSolution
		Debug|Any CPU = Debug|Any CPU
		Release|Any CPU = Release|Any CPU
	EndGlobalSection
	GlobalSection(ProjectConfigurationPlatforms) = postSolution
		{CF4BA324-CB9F-4241-BDA4-C1FF782D7768}.Debug|Any CPU.ActiveCfg = Debug|Any CPU
		{CF4BA324-CB9F-4241-BDA4-C1FF782D7768}.Debug|Any CPU.Build.0 = Debug|Any CPU
		{CF4BA324-CB9F-4241-BDA4-C1FF782D7768}.Release|Any CPU.ActiveCfg = Release|Any CPU
		{CF4BA324-CB9F-4241-BDA4-C1FF782D7768}.Release|Any CPU.Build.0 = Release|Any CPU
		{1C18DE88-B7FE-4C62-9F62-854A1C1B37BF}.Debug|Any CPU.ActiveCfg = Debug|Any CPU
		{1C18DE88-B7FE-4C62-9F62-854A1C1B37BF}.Debug|Any CPU.Build.0 = Debug|Any CPU
		{1C18DE88-B7FE-4C62-9F62-854A1C1B37BF}.Release|Any CPU.ActiveCfg = Release|Any CPU
		{1C18DE88-B7FE-4C62-9F62-854A1C1B37BF}.Release|Any CPU.Build.0 = Release|Any CPU
		{93FEB069-527E-4C3A-BCC2-23FFC64C1A50}.Debug|Any CPU.ActiveCfg = Debug|Any CPU
		{93FEB069-527E-4C3A-BCC2-23FFC64C1A50}.Debug|Any CPU.Build.0 = Debug|Any CPU
		{93FEB069-527E-4C3A-BCC2-23FFC64C1A50}.Release|Any CPU.ActiveCfg = Release|Any CPU
		{93FEB069-527E-4C3A-BCC2-23FFC64C1A50}.Release|Any CPU.Build.0 = Release|Any CPU
		{BA9C9779-9AAF-426D-8C2F-4EAF7EC6DEB0}.Debug|Any CPU.ActiveCfg = Debug|Any CPU
		{BA9C9779-9AAF-426D-8C2F-4EAF7EC6DEB0}.Debug|Any CPU.Build.0 = Debug|Any CPU
		{BA9C9779-9AAF-426D-8C2F-4EAF7EC6DEB0}.Release|Any CPU.ActiveCfg = Release|Any CPU
		{BA9C9779-9AAF-426D-8C2F-4EAF7EC6DEB0}.Release|Any CPU.Build.0 = Release|Any CPU
		{15DD8911-5ED0-4026-A588-CFBB528E7316}.Debug|Any CPU.ActiveCfg = Debug|Any CPU
		{15DD8911-5ED0-4026-A588-CFBB528E7316}.Debug|Any CPU.Build.0 = Debug|Any CPU
		{15DD8911-5ED0-4026-A588-CFBB528E7316}.Release|Any CPU.ActiveCfg = Release|Any CPU
		{15DD8911-5ED0-4026-A588-CFBB528E7316}.Release|Any CPU.Build.0 = Release|Any CPU
		{ECEB8232-7B16-4633-A542-1A69AA9B4373}.Debug|Any CPU.ActiveCfg = Debug|Any CPU
		{ECEB8232-7B16-4633-A542-1A69AA9B4373}.Debug|Any CPU.Build.0 = Debug|Any CPU
		{ECEB8232-7B16-4633-A542-1A69AA9B4373}.Release|Any CPU.ActiveCfg = Release|Any CPU
		{ECEB8232-7B16-4633-A542-1A69AA9B4373}.Release|Any CPU.Build.0 = Release|Any CPU
		{6EA1509B-E4D2-4BDC-915D-79F6BDE4C7BA}.Debug|Any CPU.ActiveCfg = Debug|Any CPU
		{6EA1509B-E4D2-4BDC-915D-79F6BDE4C7BA}.Debug|Any CPU.Build.0 = Debug|Any CPU
		{6EA1509B-E4D2-4BDC-915D-79F6BDE4C7BA}.Release|Any CPU.ActiveCfg = Release|Any CPU
		{6EA1509B-E4D2-4BDC-915D-79F6BDE4C7BA}.Release|Any CPU.Build.0 = Release|Any CPU
		{63B34E30-504C-4385-BB2C-B19BD79EBB84}.Debug|Any CPU.ActiveCfg = Debug|Any CPU
		{63B34E30-504C-4385-BB2C-B19BD79EBB84}.Debug|Any CPU.Build.0 = Debug|Any CPU
		{63B34E30-504C-4385-BB2C-B19BD79EBB84}.Release|Any CPU.ActiveCfg = Release|Any CPU
		{63B34E30-504C-4385-BB2C-B19BD79EBB84}.Release|Any CPU.Build.0 = Release|Any CPU
		{9816BAF1-D793-4A25-9E3A-E4753CA7E796}.Debug|Any CPU.ActiveCfg = Debug|Any CPU
		{9816BAF1-D793-4A25-9E3A-E4753CA7E796}.Debug|Any CPU.Build.0 = Debug|Any CPU
		{9816BAF1-D793-4A25-9E3A-E4753CA7E796}.Release|Any CPU.ActiveCfg = Release|Any CPU
		{9816BAF1-D793-4A25-9E3A-E4753CA7E796}.Release|Any CPU.Build.0 = Release|Any CPU
		{4EA3F7CB-4074-4D8F-B80F-6B2B942A09B6}.Debug|Any CPU.ActiveCfg = Debug|Any CPU
		{4EA3F7CB-4074-4D8F-B80F-6B2B942A09B6}.Debug|Any CPU.Build.0 = Debug|Any CPU
		{4EA3F7CB-4074-4D8F-B80F-6B2B942A09B6}.Release|Any CPU.ActiveCfg = Release|Any CPU
		{4EA3F7CB-4074-4D8F-B80F-6B2B942A09B6}.Release|Any CPU.Build.0 = Release|Any CPU
		{59674389-2D00-4740-A679-08AF4D8CD79B}.Debug|Any CPU.ActiveCfg = Debug|Any CPU
		{59674389-2D00-4740-A679-08AF4D8CD79B}.Debug|Any CPU.Build.0 = Debug|Any CPU
		{59674389-2D00-4740-A679-08AF4D8CD79B}.Release|Any CPU.ActiveCfg = Release|Any CPU
		{59674389-2D00-4740-A679-08AF4D8CD79B}.Release|Any CPU.Build.0 = Release|Any CPU
		{F82419C8-7DB1-4274-8AD5-F2FDBD17C784}.Debug|Any CPU.ActiveCfg = Debug|Any CPU
		{F82419C8-7DB1-4274-8AD5-F2FDBD17C784}.Debug|Any CPU.Build.0 = Debug|Any CPU
		{F82419C8-7DB1-4274-8AD5-F2FDBD17C784}.Release|Any CPU.ActiveCfg = Release|Any CPU
		{F82419C8-7DB1-4274-8AD5-F2FDBD17C784}.Release|Any CPU.Build.0 = Release|Any CPU
		{36BB5271-454B-4595-B99C-3665E03DC993}.Debug|Any CPU.ActiveCfg = Debug|Any CPU
		{36BB5271-454B-4595-B99C-3665E03DC993}.Debug|Any CPU.Build.0 = Debug|Any CPU
		{36BB5271-454B-4595-B99C-3665E03DC993}.Release|Any CPU.ActiveCfg = Release|Any CPU
		{36BB5271-454B-4595-B99C-3665E03DC993}.Release|Any CPU.Build.0 = Release|Any CPU
		{1DD00430-79A6-4ABD-849E-8F2719C5CB80}.Debug|Any CPU.ActiveCfg = Debug|Any CPU
		{1DD00430-79A6-4ABD-849E-8F2719C5CB80}.Debug|Any CPU.Build.0 = Debug|Any CPU
		{1DD00430-79A6-4ABD-849E-8F2719C5CB80}.Release|Any CPU.ActiveCfg = Release|Any CPU
		{1DD00430-79A6-4ABD-849E-8F2719C5CB80}.Release|Any CPU.Build.0 = Release|Any CPU
	EndGlobalSection
	GlobalSection(SolutionProperties) = preSolution
		HideSolutionNode = FALSE
	EndGlobalSection
	GlobalSection(NestedProjects) = preSolution
		{CF4BA324-CB9F-4241-BDA4-C1FF782D7768} = {F72A4841-B4B6-4E72-BAD1-AED8FCC0F676}
		{1C18DE88-B7FE-4C62-9F62-854A1C1B37BF} = {F72A4841-B4B6-4E72-BAD1-AED8FCC0F676}
		{93FEB069-527E-4C3A-BCC2-23FFC64C1A50} = {F72A4841-B4B6-4E72-BAD1-AED8FCC0F676}
		{BA9C9779-9AAF-426D-8C2F-4EAF7EC6DEB0} = {F72A4841-B4B6-4E72-BAD1-AED8FCC0F676}
		{15DD8911-5ED0-4026-A588-CFBB528E7316} = {F72A4841-B4B6-4E72-BAD1-AED8FCC0F676}
		{ECEB8232-7B16-4633-A542-1A69AA9B4373} = {F72A4841-B4B6-4E72-BAD1-AED8FCC0F676}
		{6EA1509B-E4D2-4BDC-915D-79F6BDE4C7BA} = {2538ED9B-77DC-42C4-A8E8-DC1F4B7DEF69}
		{63B34E30-504C-4385-BB2C-B19BD79EBB84} = {7DF2BF43-D677-4EF1-A42C-9547A797E091}
		{9816BAF1-D793-4A25-9E3A-E4753CA7E796} = {6DB1FE94-7AEA-4302-A0DB-CDCA4363585D}
		{4EA3F7CB-4074-4D8F-B80F-6B2B942A09B6} = {F72A4841-B4B6-4E72-BAD1-AED8FCC0F676}
		{59674389-2D00-4740-A679-08AF4D8CD79B} = {F72A4841-B4B6-4E72-BAD1-AED8FCC0F676}
		{F82419C8-7DB1-4274-8AD5-F2FDBD17C784} = {F72A4841-B4B6-4E72-BAD1-AED8FCC0F676}
		{36BB5271-454B-4595-B99C-3665E03DC993} = {F72A4841-B4B6-4E72-BAD1-AED8FCC0F676}
		{1DD00430-79A6-4ABD-849E-8F2719C5CB80} = {F72A4841-B4B6-4E72-BAD1-AED8FCC0F676}
	EndGlobalSection
	GlobalSection(ExtensibilityGlobals) = postSolution
		SolutionGuid = {E9238FC0-9D1C-4ABC-AC1F-B7437D9691D7}
	EndGlobalSection
EndGlobal
